{
  "name": "Bird-In",
  "lockfileVersion": 3,
  "requires": true,
  "packages": {
    "": {
      "dependencies": {
        "@fontsource/arsenal": "^5.0.5"
      }
    },
    "node_modules/@fontsource/arsenal": {
      "version": "5.0.5",
      "resolved": "https://registry.npmjs.org/@fontsource/arsenal/-/arsenal-5.0.5.tgz",
      "integrity": "sha512-HdwXnWA+VgFIWUGTP5ZC47sknpL2h+WOXd3DKPQ7QQYulvwwO26OhKijZC6fcRc0JYmfSd4eihU1KEu8Xl283Q=="
    }
  }
}
